
Microsoft Visual Studio Solution File, Format Version 12.00
# Visual Studio Version 17
VisualStudioVersion = 17.11.35222.181
MinimumVisualStudioVersion = 10.0.40219.1
Project("{FAE04EC0-301F-11D3-BF4B-00C04F79EFBC}") = "MySuperMarket", "MySuperMarket\MySuperMarket.csproj", "{4C878973-A866-4A5A-B27D-35D3124AD46E}"
EndProject
Global
	GlobalSection(SolutionConfigurationPlatforms) = preSolution
		Debug|Any CPU = Debug|Any CPU
		Release|Any CPU = Release|Any CPU
	EndGlobalSection
	GlobalSection(ProjectConfigurationPlatforms) = postSolution
		{4C878973-A866-4A5A-B27D-35D3124AD46E}.Debug|Any CPU.ActiveCfg = Debug|Any CPU
		{4C878973-A866-4A5A-B27D-35D3124AD46E}.Debug|Any CPU.Build.0 = Debug|Any CPU
		{4C878973-A866-4A5A-B27D-35D3124AD46E}.Release|Any CPU.ActiveCfg = Release|Any CPU
		{4C878973-A866-4A5A-B27D-35D3124AD46E}.Release|Any CPU.Build.0 = Release|Any CPU
	EndGlobalSection
	GlobalSection(SolutionProperties) = preSolution
		HideSolutionNode = FALSE
	EndGlobalSection
	GlobalSection(ExtensibilityGlobals) = postSolution
		SolutionGuid = {505A2E4D-CE5E-4E82-AE5E-240515036D74}
	EndGlobalSection
EndGlobal
